
Microsoft Visual Studio Solution File, Format Version 12.00
# Visual Studio 15
VisualStudioVersion = 15.0.28307.136
MinimumVisualStudioVersion = 10.0.40219.1
Project("{FAE04EC0-301F-11D3-BF4B-00C04F79EFBC}") = "001-字符串string", "001-字符串string\001-字符串string.csproj", "{DC1E8ABE-FADB-44FD-A3C4-64BD92BD8C4E}"
EndProject
Project("{FAE04EC0-301F-11D3-BF4B-00C04F79EFBC}") = "002-字符串StringBuilder", "002-字符串stringBuilder\002-字符串StringBuilder.csproj", "{7A6080DB-3175-435E-A62F-B03FEC4B7B05}"
EndProject
Project("{FAE04EC0-301F-11D3-BF4B-00C04F79EFBC}") = "003-正则表达式", "003-正则表达式\003-正则表达式.csproj", "{9A5FE40A-A198-468B-B09B-98C8B33A77B5}"
EndProject
Project("{FAE04EC0-301F-11D3-BF4B-00C04F79EFBC}") = "Shadow", "Shadow\Shadow.csproj", "{A463AB0D-35AA-4DAC-90D1-4D7B721B8B73}"
EndProject
Project("{FAE04EC0-301F-11D3-BF4B-00C04F79EFBC}") = "004_委托", "004_委托\004_委托.csproj", "{33E2C96F-5750-4A0E-A41B-57EFFB9C0DB8}"
EndProject
Project("{FAE04EC0-301F-11D3-BF4B-00C04F79EFBC}") = "005_Action委托", "005_Action委托\005_Action委托.csproj", "{CB92DDC7-4E4B-4083-9085-5219828CAF71}"
EndProject
Project("{FAE04EC0-301F-11D3-BF4B-00C04F79EFBC}") = "006_Func委托", "006_Func委托\006_Func委托.csproj", "{3867FBBF-E4F0-4CAA-9F81-22185F6EBDEB}"
EndProject
Project("{FAE04EC0-301F-11D3-BF4B-00C04F79EFBC}") = "007_冒泡排序的扩展", "007_冒泡排序的扩展\007_冒泡排序的扩展.csproj", "{3CB6ACDD-5375-48AE-96E3-042FDD5BD82F}"
EndProject
Project("{FAE04EC0-301F-11D3-BF4B-00C04F79EFBC}") = "008_多播委托", "008_多播委托\008_多播委托.csproj", "{B516B975-CBCA-4AC8-89B2-A7C377AD444B}"
EndProject
Project("{FAE04EC0-301F-11D3-BF4B-00C04F79EFBC}") = "009_匿名方法", "009_匿名方法\009_匿名方法.csproj", "{FE34FC3D-889D-4D6B-9935-F69F9F8D3FB2}"
EndProject
Project("{FAE04EC0-301F-11D3-BF4B-00C04F79EFBC}") = "010_Lambda表达式", "010_Lambda表达式\010_Lambda表达式.csproj", "{9986F18B-3162-408B-B3B2-9B1B6AE4F8D9}"
EndProject
Project("{FAE04EC0-301F-11D3-BF4B-00C04F79EFBC}") = "011_事件", "011_事件\011_事件.csproj", "{D977759C-E921-4CB4-A9AB-682254F5C465}"
EndProject
Project("{FAE04EC0-301F-11D3-BF4B-00C04F79EFBC}") = "012_观察者设计模式——猫捉老鼠", "012_观察者设计模式——猫捉老鼠\012_观察者设计模式——猫捉老鼠.csproj", "{D6495EF9-BA98-42ED-9818-10A180DA71D4}"
EndProject
Project("{FAE04EC0-301F-11D3-BF4B-00C04F79EFBC}") = "013_LINQ", "013_LINQ\013_LINQ.csproj", "{4F210355-5D45-47FB-9CAB-3372CA4D314D}"
EndProject
Project("{FAE04EC0-301F-11D3-BF4B-00C04F79EFBC}") = "014_反射和特性", "014_反射和特性\014_反射和特性.csproj", "{7DEA12F5-8336-48F6-8C38-C96060D36DB1}"
EndProject
Project("{FAE04EC0-301F-11D3-BF4B-00C04F79EFBC}") = "015_特性", "015_特性\015_特性.csproj", "{92F5EE77-68FB-4261-94A2-B64DFECDC695}"
EndProject
Project("{FAE04EC0-301F-11D3-BF4B-00C04F79EFBC}") = "016_线程_委托方式发起线程", "016_线程_委托方式发起线程\016_线程_委托方式发起线程.csproj", "{FFF4A588-E699-4236-AA46-3E43EA268F6E}"
EndProject
Project("{FAE04EC0-301F-11D3-BF4B-00C04F79EFBC}") = "017_线程_通过Thread类发起线程", "017_线程_通过Thread类发起线程\017_线程_通过Thread类发起线程.csproj", "{BB9CAA1F-4705-4784-AF9A-6321204B0941}"
EndProject
Project("{FAE04EC0-301F-11D3-BF4B-00C04F79EFBC}") = "018_线程_线程池", "018_线程_线程池\018_线程_线程池.csproj", "{51821C2B-9FE6-4F1F-8097-DD44EC249858}"
EndProject
Project("{FAE04EC0-301F-11D3-BF4B-00C04F79EFBC}") = "019_线程_任务", "019_线程_任务\019_线程_任务.csproj", "{A851264D-E8DC-4548-B1A1-1C2291B4B8CD}"
EndProject
Project("{FAE04EC0-301F-11D3-BF4B-00C04F79EFBC}") = "020_线程问题_争用条件", "020_线程问题_争用条件\020_线程问题_争用条件.csproj", "{3589D5F2-5F70-41C9-ADE9-42B5AE1D29D8}"
EndProject
Project("{FAE04EC0-301F-11D3-BF4B-00C04F79EFBC}") = "021_Socket编程_TCP协议_服务器端", "021_Socket编程_TCP协议\021_Socket编程_TCP协议_服务器端.csproj", "{C1DB6F1C-F8AF-4B58-B403-04BAFC55B655}"
EndProject
Project("{FAE04EC0-301F-11D3-BF4B-00C04F79EFBC}") = "022_聊天室_Socket编程_TCP服务器端", "022_聊天室_Socket编程_TCP服务器端\022_聊天室_Socket编程_TCP服务器端.csproj", "{09305624-63AC-426F-BBBB-92B3EDDE2873}"
EndProject
Project("{FAE04EC0-301F-11D3-BF4B-00C04F79EFBC}") = "023_Socket编程_UDP协议_服务器端", "023_Socket编程_TCP协议_服务器端\023_Socket编程_UDP协议_服务器端.csproj", "{C8783407-9AA6-43A4-AF54-690E06476E11}"
EndProject
Project("{FAE04EC0-301F-11D3-BF4B-00C04F79EFBC}") = "024_tcplistener", "024_tcplistener\024_tcplistener.csproj", "{222A2428-5B26-44D8-9762-1963E38871B8}"
EndProject
Project("{FAE04EC0-301F-11D3-BF4B-00C04F79EFBC}") = "025_udpclient", "025_udpclient\025_udpclient.csproj", "{4C564E3B-38AA-4A29-932A-862BEC668B5E}"
EndProject
Project("{FAE04EC0-301F-11D3-BF4B-00C04F79EFBC}") = "026_文件操作_查看文件和文件夹信息", "026_文件操作_查看文件和文件夹信息\026_文件操作_查看文件和文件夹信息.csproj", "{91757744-20BB-402C-BB6E-090172AF9FD7}"
EndProject
Project("{FAE04EC0-301F-11D3-BF4B-00C04F79EFBC}") = "027_使用File读写文件", "027_使用File读写文件\027_使用File读写文件.csproj", "{4278513C-FEAC-4DCB-993E-70CC879456D7}"
EndProject
Project("{FAE04EC0-301F-11D3-BF4B-00C04F79EFBC}") = "028_使用FileStream读写文件", "028_使用FileStream读写文件\028_使用FileStream读写文件.csproj", "{4A0D10FE-C76F-4493-8A6E-174A3A929DA6}"
EndProject
Project("{FAE04EC0-301F-11D3-BF4B-00C04F79EFBC}") = "029_使用StreamReader和StreamWrite读写文本文件", "029_使用StreamReader和StreamWrite读写文本文件\029_使用StreamReader和StreamWrite读写文本文件.csproj", "{DE5B2E42-28AA-49FE-B77D-EA47A7C60DC3}"
EndProject
Project("{FAE04EC0-301F-11D3-BF4B-00C04F79EFBC}") = "030_xml操作", "030_xml操作\030_xml操作.csproj", "{B2C65F64-53A7-4EE7-A97F-0F6466A34242}"
EndProject
Project("{FAE04EC0-301F-11D3-BF4B-00C04F79EFBC}") = "031_json操作", "031_json操作\031_json操作.csproj", "{A5193142-F827-4064-96B7-31671D42C3BB}"
EndProject
Project("{FAE04EC0-301F-11D3-BF4B-00C04F79EFBC}") = "032_Excel操作", "033_Excel操作\032_Excel操作.csproj", "{2DD62C77-47F1-4CB1-89C3-5EB8DDB462FF}"
EndProject
Global
	GlobalSection(SolutionConfigurationPlatforms) = preSolution
		Debug|Any CPU = Debug|Any CPU
		Release|Any CPU = Release|Any CPU
	EndGlobalSection
	GlobalSection(ProjectConfigurationPlatforms) = postSolution
		{DC1E8ABE-FADB-44FD-A3C4-64BD92BD8C4E}.Debug|Any CPU.ActiveCfg = Debug|Any CPU
		{DC1E8ABE-FADB-44FD-A3C4-64BD92BD8C4E}.Debug|Any CPU.Build.0 = Debug|Any CPU
		{DC1E8ABE-FADB-44FD-A3C4-64BD92BD8C4E}.Release|Any CPU.ActiveCfg = Release|Any CPU
		{DC1E8ABE-FADB-44FD-A3C4-64BD92BD8C4E}.Release|Any CPU.Build.0 = Release|Any CPU
		{7A6080DB-3175-435E-A62F-B03FEC4B7B05}.Debug|Any CPU.ActiveCfg = Debug|Any CPU
		{7A6080DB-3175-435E-A62F-B03FEC4B7B05}.Debug|Any CPU.Build.0 = Debug|Any CPU
		{7A6080DB-3175-435E-A62F-B03FEC4B7B05}.Release|Any CPU.ActiveCfg = Release|Any CPU
		{7A6080DB-3175-435E-A62F-B03FEC4B7B05}.Release|Any CPU.Build.0 = Release|Any CPU
		{9A5FE40A-A198-468B-B09B-98C8B33A77B5}.Debug|Any CPU.ActiveCfg = Debug|Any CPU
		{9A5FE40A-A198-468B-B09B-98C8B33A77B5}.Debug|Any CPU.Build.0 = Debug|Any CPU
		{9A5FE40A-A198-468B-B09B-98C8B33A77B5}.Release|Any CPU.ActiveCfg = Release|Any CPU
		{9A5FE40A-A198-468B-B09B-98C8B33A77B5}.Release|Any CPU.Build.0 = Release|Any CPU
		{A463AB0D-35AA-4DAC-90D1-4D7B721B8B73}.Debug|Any CPU.ActiveCfg = Debug|Any CPU
		{A463AB0D-35AA-4DAC-90D1-4D7B721B8B73}.Debug|Any CPU.Build.0 = Debug|Any CPU
		{A463AB0D-35AA-4DAC-90D1-4D7B721B8B73}.Release|Any CPU.ActiveCfg = Release|Any CPU
		{A463AB0D-35AA-4DAC-90D1-4D7B721B8B73}.Release|Any CPU.Build.0 = Release|Any CPU
		{33E2C96F-5750-4A0E-A41B-57EFFB9C0DB8}.Debug|Any CPU.ActiveCfg = Debug|Any CPU
		{33E2C96F-5750-4A0E-A41B-57EFFB9C0DB8}.Debug|Any CPU.Build.0 = Debug|Any CPU
		{33E2C96F-5750-4A0E-A41B-57EFFB9C0DB8}.Release|Any CPU.ActiveCfg = Release|Any CPU
		{33E2C96F-5750-4A0E-A41B-57EFFB9C0DB8}.Release|Any CPU.Build.0 = Release|Any CPU
		{CB92DDC7-4E4B-4083-9085-5219828CAF71}.Debug|Any CPU.ActiveCfg = Debug|Any CPU
		{CB92DDC7-4E4B-4083-9085-5219828CAF71}.Debug|Any CPU.Build.0 = Debug|Any CPU
		{CB92DDC7-4E4B-4083-9085-5219828CAF71}.Release|Any CPU.ActiveCfg = Release|Any CPU
		{CB92DDC7-4E4B-4083-9085-5219828CAF71}.Release|Any CPU.Build.0 = Release|Any CPU
		{3867FBBF-E4F0-4CAA-9F81-22185F6EBDEB}.Debug|Any CPU.ActiveCfg = Debug|Any CPU
		{3867FBBF-E4F0-4CAA-9F81-22185F6EBDEB}.Debug|Any CPU.Build.0 = Debug|Any CPU
		{3867FBBF-E4F0-4CAA-9F81-22185F6EBDEB}.Release|Any CPU.ActiveCfg = Release|Any CPU
		{3867FBBF-E4F0-4CAA-9F81-22185F6EBDEB}.Release|Any CPU.Build.0 = Release|Any CPU
		{3CB6ACDD-5375-48AE-96E3-042FDD5BD82F}.Debug|Any CPU.ActiveCfg = Debug|Any CPU
		{3CB6ACDD-5375-48AE-96E3-042FDD5BD82F}.Debug|Any CPU.Build.0 = Debug|Any CPU
		{3CB6ACDD-5375-48AE-96E3-042FDD5BD82F}.Release|Any CPU.ActiveCfg = Release|Any CPU
		{3CB6ACDD-5375-48AE-96E3-042FDD5BD82F}.Release|Any CPU.Build.0 = Release|Any CPU
		{B516B975-CBCA-4AC8-89B2-A7C377AD444B}.Debug|Any CPU.ActiveCfg = Debug|Any CPU
		{B516B975-CBCA-4AC8-89B2-A7C377AD444B}.Debug|Any CPU.Build.0 = Debug|Any CPU
		{B516B975-CBCA-4AC8-89B2-A7C377AD444B}.Release|Any CPU.ActiveCfg = Release|Any CPU
		{B516B975-CBCA-4AC8-89B2-A7C377AD444B}.Release|Any CPU.Build.0 = Release|Any CPU
		{FE34FC3D-889D-4D6B-9935-F69F9F8D3FB2}.Debug|Any CPU.ActiveCfg = Debug|Any CPU
		{FE34FC3D-889D-4D6B-9935-F69F9F8D3FB2}.Debug|Any CPU.Build.0 = Debug|Any CPU
		{FE34FC3D-889D-4D6B-9935-F69F9F8D3FB2}.Release|Any CPU.ActiveCfg = Release|Any CPU
		{FE34FC3D-889D-4D6B-9935-F69F9F8D3FB2}.Release|Any CPU.Build.0 = Release|Any CPU
		{9986F18B-3162-408B-B3B2-9B1B6AE4F8D9}.Debug|Any CPU.ActiveCfg = Debug|Any CPU
		{9986F18B-3162-408B-B3B2-9B1B6AE4F8D9}.Debug|Any CPU.Build.0 = Debug|Any CPU
		{9986F18B-3162-408B-B3B2-9B1B6AE4F8D9}.Release|Any CPU.ActiveCfg = Release|Any CPU
		{9986F18B-3162-408B-B3B2-9B1B6AE4F8D9}.Release|Any CPU.Build.0 = Release|Any CPU
		{D977759C-E921-4CB4-A9AB-682254F5C465}.Debug|Any CPU.ActiveCfg = Debug|Any CPU
		{D977759C-E921-4CB4-A9AB-682254F5C465}.Debug|Any CPU.Build.0 = Debug|Any CPU
		{D977759C-E921-4CB4-A9AB-682254F5C465}.Release|Any CPU.ActiveCfg = Release|Any CPU
		{D977759C-E921-4CB4-A9AB-682254F5C465}.Release|Any CPU.Build.0 = Release|Any CPU
		{D6495EF9-BA98-42ED-9818-10A180DA71D4}.Debug|Any CPU.ActiveCfg = Debug|Any CPU
		{D6495EF9-BA98-42ED-9818-10A180DA71D4}.Debug|Any CPU.Build.0 = Debug|Any CPU
		{D6495EF9-BA98-42ED-9818-10A180DA71D4}.Release|Any CPU.ActiveCfg = Release|Any CPU
		{D6495EF9-BA98-42ED-9818-10A180DA71D4}.Release|Any CPU.Build.0 = Release|Any CPU
		{4F210355-5D45-47FB-9CAB-3372CA4D314D}.Debug|Any CPU.ActiveCfg = Debug|Any CPU
		{4F210355-5D45-47FB-9CAB-3372CA4D314D}.Debug|Any CPU.Build.0 = Debug|Any CPU
		{4F210355-5D45-47FB-9CAB-3372CA4D314D}.Release|Any CPU.ActiveCfg = Release|Any CPU
		{4F210355-5D45-47FB-9CAB-3372CA4D314D}.Release|Any CPU.Build.0 = Release|Any CPU
		{7DEA12F5-8336-48F6-8C38-C96060D36DB1}.Debug|Any CPU.ActiveCfg = Debug|Any CPU
		{7DEA12F5-8336-48F6-8C38-C96060D36DB1}.Debug|Any CPU.Build.0 = Debug|Any CPU
		{7DEA12F5-8336-48F6-8C38-C96060D36DB1}.Release|Any CPU.ActiveCfg = Release|Any CPU
		{7DEA12F5-8336-48F6-8C38-C96060D36DB1}.Release|Any CPU.Build.0 = Release|Any CPU
		{92F5EE77-68FB-4261-94A2-B64DFECDC695}.Debug|Any CPU.ActiveCfg = Debug|Any CPU
		{92F5EE77-68FB-4261-94A2-B64DFECDC695}.Debug|Any CPU.Build.0 = Debug|Any CPU
		{92F5EE77-68FB-4261-94A2-B64DFECDC695}.Release|Any CPU.ActiveCfg = Release|Any CPU
		{92F5EE77-68FB-4261-94A2-B64DFECDC695}.Release|Any CPU.Build.0 = Release|Any CPU
		{FFF4A588-E699-4236-AA46-3E43EA268F6E}.Debug|Any CPU.ActiveCfg = Debug|Any CPU
		{FFF4A588-E699-4236-AA46-3E43EA268F6E}.Debug|Any CPU.Build.0 = Debug|Any CPU
		{FFF4A588-E699-4236-AA46-3E43EA268F6E}.Release|Any CPU.ActiveCfg = Release|Any CPU
		{FFF4A588-E699-4236-AA46-3E43EA268F6E}.Release|Any CPU.Build.0 = Release|Any CPU
		{BB9CAA1F-4705-4784-AF9A-6321204B0941}.Debug|Any CPU.ActiveCfg = Debug|Any CPU
		{BB9CAA1F-4705-4784-AF9A-6321204B0941}.Debug|Any CPU.Build.0 = Debug|Any CPU
		{BB9CAA1F-4705-4784-AF9A-6321204B0941}.Release|Any CPU.ActiveCfg = Release|Any CPU
		{BB9CAA1F-4705-4784-AF9A-6321204B0941}.Release|Any CPU.Build.0 = Release|Any CPU
		{51821C2B-9FE6-4F1F-8097-DD44EC249858}.Debug|Any CPU.ActiveCfg = Debug|Any CPU
		{51821C2B-9FE6-4F1F-8097-DD44EC249858}.Debug|Any CPU.Build.0 = Debug|Any CPU
		{51821C2B-9FE6-4F1F-8097-DD44EC249858}.Release|Any CPU.ActiveCfg = Release|Any CPU
		{51821C2B-9FE6-4F1F-8097-DD44EC249858}.Release|Any CPU.Build.0 = Release|Any CPU
		{A851264D-E8DC-4548-B1A1-1C2291B4B8CD}.Debug|Any CPU.ActiveCfg = Debug|Any CPU
		{A851264D-E8DC-4548-B1A1-1C2291B4B8CD}.Debug|Any CPU.Build.0 = Debug|Any CPU
		{A851264D-E8DC-4548-B1A1-1C2291B4B8CD}.Release|Any CPU.ActiveCfg = Release|Any CPU
		{A851264D-E8DC-4548-B1A1-1C2291B4B8CD}.Release|Any CPU.Build.0 = Release|Any CPU
		{3589D5F2-5F70-41C9-ADE9-42B5AE1D29D8}.Debug|Any CPU.ActiveCfg = Debug|Any CPU
		{3589D5F2-5F70-41C9-ADE9-42B5AE1D29D8}.Debug|Any CPU.Build.0 = Debug|Any CPU
		{3589D5F2-5F70-41C9-ADE9-42B5AE1D29D8}.Release|Any CPU.ActiveCfg = Release|Any CPU
		{3589D5F2-5F70-41C9-ADE9-42B5AE1D29D8}.Release|Any CPU.Build.0 = Release|Any CPU
		{C1DB6F1C-F8AF-4B58-B403-04BAFC55B655}.Debug|Any CPU.ActiveCfg = Debug|Any CPU
		{C1DB6F1C-F8AF-4B58-B403-04BAFC55B655}.Debug|Any CPU.Build.0 = Debug|Any CPU
		{C1DB6F1C-F8AF-4B58-B403-04BAFC55B655}.Release|Any CPU.ActiveCfg = Release|Any CPU
		{C1DB6F1C-F8AF-4B58-B403-04BAFC55B655}.Release|Any CPU.Build.0 = Release|Any CPU
		{09305624-63AC-426F-BBBB-92B3EDDE2873}.Debug|Any CPU.ActiveCfg = Debug|Any CPU
		{09305624-63AC-426F-BBBB-92B3EDDE2873}.Debug|Any CPU.Build.0 = Debug|Any CPU
		{09305624-63AC-426F-BBBB-92B3EDDE2873}.Release|Any CPU.ActiveCfg = Release|Any CPU
		{09305624-63AC-426F-BBBB-92B3EDDE2873}.Release|Any CPU.Build.0 = Release|Any CPU
		{C8783407-9AA6-43A4-AF54-690E06476E11}.Debug|Any CPU.ActiveCfg = Debug|Any CPU
		{C8783407-9AA6-43A4-AF54-690E06476E11}.Debug|Any CPU.Build.0 = Debug|Any CPU
		{C8783407-9AA6-43A4-AF54-690E06476E11}.Release|Any CPU.ActiveCfg = Release|Any CPU
		{C8783407-9AA6-43A4-AF54-690E06476E11}.Release|Any CPU.Build.0 = Release|Any CPU
		{222A2428-5B26-44D8-9762-1963E38871B8}.Debug|Any CPU.ActiveCfg = Debug|Any CPU
		{222A2428-5B26-44D8-9762-1963E38871B8}.Debug|Any CPU.Build.0 = Debug|Any CPU
		{222A2428-5B26-44D8-9762-1963E38871B8}.Release|Any CPU.ActiveCfg = Release|Any CPU
		{222A2428-5B26-44D8-9762-1963E38871B8}.Release|Any CPU.Build.0 = Release|Any CPU
		{4C564E3B-38AA-4A29-932A-862BEC668B5E}.Debug|Any CPU.ActiveCfg = Debug|Any CPU
		{4C564E3B-38AA-4A29-932A-862BEC668B5E}.Debug|Any CPU.Build.0 = Debug|Any CPU
		{4C564E3B-38AA-4A29-932A-862BEC668B5E}.Release|Any CPU.ActiveCfg = Release|Any CPU
		{4C564E3B-38AA-4A29-932A-862BEC668B5E}.Release|Any CPU.Build.0 = Release|Any CPU
		{91757744-20BB-402C-BB6E-090172AF9FD7}.Debug|Any CPU.ActiveCfg = Debug|Any CPU
		{91757744-20BB-402C-BB6E-090172AF9FD7}.Debug|Any CPU.Build.0 = Debug|Any CPU
		{91757744-20BB-402C-BB6E-090172AF9FD7}.Release|Any CPU.ActiveCfg = Release|Any CPU
		{91757744-20BB-402C-BB6E-090172AF9FD7}.Release|Any CPU.Build.0 = Release|Any CPU
		{4278513C-FEAC-4DCB-993E-70CC879456D7}.Debug|Any CPU.ActiveCfg = Debug|Any CPU
		{4278513C-FEAC-4DCB-993E-70CC879456D7}.Debug|Any CPU.Build.0 = Debug|Any CPU
		{4278513C-FEAC-4DCB-993E-70CC879456D7}.Release|Any CPU.ActiveCfg = Release|Any CPU
		{4278513C-FEAC-4DCB-993E-70CC879456D7}.Release|Any CPU.Build.0 = Release|Any CPU
		{4A0D10FE-C76F-4493-8A6E-174A3A929DA6}.Debug|Any CPU.ActiveCfg = Debug|Any CPU
		{4A0D10FE-C76F-4493-8A6E-174A3A929DA6}.Debug|Any CPU.Build.0 = Debug|Any CPU
		{4A0D10FE-C76F-4493-8A6E-174A3A929DA6}.Release|Any CPU.ActiveCfg = Release|Any CPU
		{4A0D10FE-C76F-4493-8A6E-174A3A929DA6}.Release|Any CPU.Build.0 = Release|Any CPU
		{DE5B2E42-28AA-49FE-B77D-EA47A7C60DC3}.Debug|Any CPU.ActiveCfg = Debug|Any CPU
		{DE5B2E42-28AA-49FE-B77D-EA47A7C60DC3}.Debug|Any CPU.Build.0 = Debug|Any CPU
		{DE5B2E42-28AA-49FE-B77D-EA47A7C60DC3}.Release|Any CPU.ActiveCfg = Release|Any CPU
		{DE5B2E42-28AA-49FE-B77D-EA47A7C60DC3}.Release|Any CPU.Build.0 = Release|Any CPU
		{B2C65F64-53A7-4EE7-A97F-0F6466A34242}.Debug|Any CPU.ActiveCfg = Debug|Any CPU
		{B2C65F64-53A7-4EE7-A97F-0F6466A34242}.Debug|Any CPU.Build.0 = Debug|Any CPU
		{B2C65F64-53A7-4EE7-A97F-0F6466A34242}.Release|Any CPU.ActiveCfg = Release|Any CPU
		{B2C65F64-53A7-4EE7-A97F-0F6466A34242}.Release|Any CPU.Build.0 = Release|Any CPU
		{A5193142-F827-4064-96B7-31671D42C3BB}.Debug|Any CPU.ActiveCfg = Debug|Any CPU
		{A5193142-F827-4064-96B7-31671D42C3BB}.Debug|Any CPU.Build.0 = Debug|Any CPU
		{A5193142-F827-4064-96B7-31671D42C3BB}.Release|Any CPU.ActiveCfg = Release|Any CPU
		{A5193142-F827-4064-96B7-31671D42C3BB}.Release|Any CPU.Build.0 = Release|Any CPU
		{2DD62C77-47F1-4CB1-89C3-5EB8DDB462FF}.Debug|Any CPU.ActiveCfg = Debug|Any CPU
		{2DD62C77-47F1-4CB1-89C3-5EB8DDB462FF}.Debug|Any CPU.Build.0 = Debug|Any CPU
		{2DD62C77-47F1-4CB1-89C3-5EB8DDB462FF}.Release|Any CPU.ActiveCfg = Release|Any CPU
		{2DD62C77-47F1-4CB1-89C3-5EB8DDB462FF}.Release|Any CPU.Build.0 = Release|Any CPU
	EndGlobalSection
	GlobalSection(SolutionProperties) = preSolution
		HideSolutionNode = FALSE
	EndGlobalSection
	GlobalSection(ExtensibilityGlobals) = postSolution
		SolutionGuid = {64903A3E-5EEF-42EA-9F1D-3B4F6E19C2C5}
	EndGlobalSection
EndGlobal
